// !$*UTF8*$!
{
	archiveVersion = 1;
	classes = {
	};
	objectVersion = 56;
	objects = {

/* Begin PBXBuildFile section */
		C44EB2F7291AC2380032ED96 /* AppDelegate.swift in Sources */ = {isa = PBXBuildFile; fileRef = C44EB2F6291AC2380032ED96 /* AppDelegate.swift */; };
		C44EB2F9291AC2380032ED96 /* SceneDelegate.swift in Sources */ = {isa = PBXBuildFile; fileRef = C44EB2F8291AC2380032ED96 /* SceneDelegate.swift */; };
		C44EB2FE291AC2380032ED96 /* Main.storyboard in Resources */ = {isa = PBXBuildFile; fileRef = C44EB2FC291AC2380032ED96 /* Main.storyboard */; };
		C44EB300291AC2390032ED96 /* Assets.xcassets in Resources */ = {isa = PBXBuildFile; fileRef = C44EB2FF291AC2390032ED96 /* Assets.xcassets */; };
		C44EB303291AC2390032ED96 /* LaunchScreen.storyboard in Resources */ = {isa = PBXBuildFile; fileRef = C44EB301291AC2390032ED96 /* LaunchScreen.storyboard */; };
		C44EB30E291AC2BA0032ED96 /* mainViewController.swift in Sources */ = {isa = PBXBuildFile; fileRef = C44EB30D291AC2BA0032ED96 /* mainViewController.swift */; };
		C44EB310291AC2CB0032ED96 /* quizViewController.swift in Sources */ = {isa = PBXBuildFile; fileRef = C44EB30F291AC2CB0032ED96 /* quizViewController.swift */; };
		C44EB312291AC2D80032ED96 /* resultViewController.swift in Sources */ = {isa = PBXBuildFile; fileRef = C44EB311291AC2D80032ED96 /* resultViewController.swift */; };
		C44EB314291AC2E80032ED96 /* managerImages.swift in Sources */ = {isa = PBXBuildFile; fileRef = C44EB313291AC2E80032ED96 /* managerImages.swift */; };
		C44EB316291AC2FE0032ED96 /* managerQuiz.swift in Sources */ = {isa = PBXBuildFile; fileRef = C44EB315291AC2FE0032ED96 /* managerQuiz.swift */; };
		C44EB318291AC3090032ED96 /* modelQuiz.swift in Sources */ = {isa = PBXBuildFile; fileRef = C44EB317291AC3090032ED96 /* modelQuiz.swift */; };
/* End PBXBuildFile section */

/* Begin PBXFileReference section */
		C44EB2F3291AC2380032ED96 /* QuizImage.app */ = {isa = PBXFileReference; explicitFileType = wrapper.application; includeInIndex = 0; path = QuizImage.app; sourceTree = BUILT_PRODUCTS_DIR; };
		C44EB2F6291AC2380032ED96 /* AppDelegate.swift */ = {isa = PBXFileReference; lastKnownFileType = sourcecode.swift; path = AppDelegate.swift; sourceTree = "<group>"; };
		C44EB2F8291AC2380032ED96 /* SceneDelegate.swift */ = {isa = PBXFileReference; lastKnownFileType = sourcecode.swift; path = SceneDelegate.swift; sourceTree = "<group>"; };
		C44EB2FD291AC2380032ED96 /* Base */ = {isa = PBXFileReference; lastKnownFileType = file.storyboard; name = Base; path = Base.lproj/Main.storyboard; sourceTree = "<group>"; };
		C44EB2FF291AC2390032ED96 /* Assets.xcassets */ = {isa = PBXFileReference; lastKnownFileType = folder.assetcatalog; path = Assets.xcassets; sourceTree = "<group>"; };
		C44EB302291AC2390032ED96 /* Base */ = {isa = PBXFileReference; lastKnownFileType = file.storyboard; name = Base; path = Base.lproj/LaunchScreen.storyboard; sourceTree = "<group>"; };
		C44EB304291AC2390032ED96 /* Info.plist */ = {isa = PBXFileReference; lastKnownFileType = text.plist.xml; path = Info.plist; sourceTree = "<group>"; };
		C44EB30D291AC2BA0032ED96 /* mainViewController.swift */ = {isa = PBXFileReference; lastKnownFileType = sourcecode.swift; path = mainViewController.swift; sourceTree = "<group>"; };
		C44EB30F291AC2CB0032ED96 /* quizViewController.swift */ = {isa = PBXFileReference; lastKnownFileType = sourcecode.swift; path = quizViewController.swift; sourceTree = "<group>"; };
		C44EB311291AC2D80032ED96 /* resultViewController.swift */ = {isa = PBXFileReference; lastKnownFileType = sourcecode.swift; path = resultViewController.swift; sourceTree = "<group>"; };
		C44EB313291AC2E80032ED96 /* managerImages.swift */ = {isa = PBXFileReference; lastKnownFileType = sourcecode.swift; path = managerImages.swift; sourceTree = "<group>"; };
		C44EB315291AC2FE0032ED96 /* managerQuiz.swift */ = {isa = PBXFileReference; lastKnownFileType = sourcecode.swift; path = managerQuiz.swift; sourceTree = "<group>"; };
		C44EB317291AC3090032ED96 /* modelQuiz.swift */ = {isa = PBXFileReference; lastKnownFileType = sourcecode.swift; path = modelQuiz.swift; sourceTree = "<group>"; };
/* End PBXFileReference section */

/* Begin PBXFrameworksBuildPhase section */
		C44EB2F0291AC2380032ED96 /* Frameworks */ = {
			isa = PBXFrameworksBuildPhase;
			buildActionMask = 2147483647;
			files = (
			);
			runOnlyForDeploymentPostprocessing = 0;
		};
/* End PBXFrameworksBuildPhase section */

/* Begin PBXGroup section */
		C44EB2EA291AC2380032ED96 = {
			isa = PBXGroup;
			children = (
				C44EB2F5291AC2380032ED96 /* QuizImage */,
				C44EB2F4291AC2380032ED96 /* Products */,
			);
			sourceTree = "<group>";
		};
		C44EB2F4291AC2380032ED96 /* Products */ = {
			isa = PBXGroup;
			children = (
				C44EB2F3291AC2380032ED96 /* QuizImage.app */,
			);
			name = Products;
			sourceTree = "<group>";
		};
		C44EB2F5291AC2380032ED96 /* QuizImage */ = {
			isa = PBXGroup;
			children = (
				C44EB30C291AC2540032ED96 /* Controller */,
				C44EB30B291AC24B0032ED96 /* View */,
				C44EB30A291AC2410032ED96 /* Model */,
				C44EB2F6291AC2380032ED96 /* AppDelegate.swift */,
				C44EB2F8291AC2380032ED96 /* SceneDelegate.swift */,
				C44EB2FF291AC2390032ED96 /* Assets.xcassets */,
				C44EB304291AC2390032ED96 /* Info.plist */,
			);
			path = QuizImage;
			sourceTree = "<group>";
		};
		C44EB30A291AC2410032ED96 /* Model */ = {
			isa = PBXGroup;
			children = (
				C44EB313291AC2E80032ED96 /* managerImages.swift */,
				C44EB315291AC2FE0032ED96 /* managerQuiz.swift */,
				C44EB317291AC3090032ED96 /* modelQuiz.swift */,
			);
			path = Model;
			sourceTree = "<group>";
		};
		C44EB30B291AC24B0032ED96 /* View */ = {
			isa = PBXGroup;
			children = (
				C44EB2FC291AC2380032ED96 /* Main.storyboard */,
				C44EB301291AC2390032ED96 /* LaunchScreen.storyboard */,
			);
			path = View;
			sourceTree = "<group>";
		};
		C44EB30C291AC2540032ED96 /* Controller */ = {
			isa = PBXGroup;
			children = (
				C44EB30D291AC2BA0032ED96 /* mainViewController.swift */,
				C44EB30F291AC2CB0032ED96 /* quizViewController.swift */,
				C44EB311291AC2D80032ED96 /* resultViewController.swift */,
			);
			path = Controller;
			sourceTree = "<group>";
		};
/* End PBXGroup section */

/* Begin PBXNativeTarget section */
		C44EB2F2291AC2380032ED96 /* QuizImage */ = {
			isa = PBXNativeTarget;
			buildConfigurationList = C44EB307291AC2390032ED96 /* Build configuration list for PBXNativeTarget "QuizImage" */;
			buildPhases = (
				C44EB2EF291AC2380032ED96 /* Sources */,
				C44EB2F0291AC2380032ED96 /* Frameworks */,
				C44EB2F1291AC2380032ED96 /* Resources */,
			);
			buildRules = (
			);
			dependencies = (
			);
			name = QuizImage;
			productName = QuizImage;
			productReference = C44EB2F3291AC2380032ED96 /* QuizImage.app */;
			productType = "com.apple.product-type.application";
		};
/* End PBXNativeTarget section */

/* Begin PBXProject section */
		C44EB2EB291AC2380032ED96 /* Project object */ = {
			isa = PBXProject;
			attributes = {
				BuildIndependentTargetsInParallel = 1;
				LastSwiftUpdateCheck = 1410;
				LastUpgradeCheck = 1410;
				TargetAttributes = {
					C44EB2F2291AC2380032ED96 = {
						CreatedOnToolsVersion = 14.1;
					};
				};
			};
			buildConfigurationList = C44EB2EE291AC2380032ED96 /* Build configuration list for PBXProject "QuizImage" */;
			compatibilityVersion = "Xcode 14.0";
			developmentRegion = en;
			hasScannedForEncodings = 0;
			knownRegions = (
				en,
				Base,
			);
			mainGroup = C44EB2EA291AC2380032ED96;
			productRefGroup = C44EB2F4291AC2380032ED96 /* Products */;
			projectDirPath = "";
			projectRoot = "";
			targets = (
				C44EB2F2291AC2380032ED96 /* QuizImage */,
			);
		};
/* End PBXProject section */

/* Begin PBXResourcesBuildPhase section */
		C44EB2F1291AC2380032ED96 /* Resources */ = {
			isa = PBXResourcesBuildPhase;
			buildActionMask = 2147483647;
			files = (
				C44EB303291AC2390032ED96 /* LaunchScreen.storyboard in Resources */,
				C44EB300291AC2390032ED96 /* Assets.xcassets in Resources */,
				C44EB2FE291AC2380032ED96 /* Main.storyboard in Resources */,
			);
			runOnlyForDeploymentPostprocessing = 0;
		};
/* End PBXResourcesBuildPhase section */

/* Begin PBXSourcesBuildPhase section */
		C44EB2EF291AC2380032ED96 /* Sources */ = {
			isa = PBXSourcesBuildPhase;
			buildActionMask = 2147483647;
			files = (
				C44EB312291AC2D80032ED96 /* resultViewController.swift in Sources */,
				C44EB314291AC2E80032ED96 /* managerImages.swift in Sources */,
				C44EB316291AC2FE0032ED96 /* managerQuiz.swift in Sources */,
				C44EB2F7291AC2380032ED96 /* AppDelegate.swift in Sources */,
				C44EB318291AC3090032ED96 /* modelQuiz.swift in Sources */,
				C44EB2F9291AC2380032ED96 /* SceneDelegate.swift in Sources */,
				C44EB30E291AC2BA0032ED96 /* mainViewController.swift in Sources */,
				C44EB310291AC2CB0032ED96 /* quizViewController.swift in Sources */,
			);
			runOnlyForDeploymentPostprocessing = 0;
		};
/* End PBXSourcesBuildPhase section */

/* Begin PBXVariantGroup section */
		C44EB2FC291AC2380032ED96 /* Main.storyboard */ = {
			isa = PBXVariantGroup;
			children = (
				C44EB2FD291AC2380032ED96 /* Base */,
			);
			name = Main.storyboard;
			sourceTree = "<group>";
		};
		C44EB301291AC2390032ED96 /* LaunchScreen.storyboard */ = {
			isa = PBXVariantGroup;
			children = (
				C44EB302291AC2390032ED96 /* Base */,
			);
			name = LaunchScreen.storyboard;
			sourceTree = "<group>";
		};
/* End PBXVariantGroup section */

/* Begin XCBuildConfiguration section */
		C44EB305291AC2390032ED96 /* Debug */ = {
			isa = XCBuildConfiguration;
			buildSettings = {
				ALWAYS_SEARCH_USER_PATHS = NO;
				CLANG_ANALYZER_NONNULL = YES;
				CLANG_ANALYZER_NUMBER_OBJECT_CONVERSION = YES_AGGRESSIVE;
				CLANG_CXX_LANGUAGE_STANDARD = "gnu++20";
				CLANG_ENABLE_MODULES = YES;
				CLANG_ENABLE_OBJC_ARC = YES;
				CLANG_ENABLE_OBJC_WEAK = YES;
				CLANG_WARN_BLOCK_CAPTURE_AUTORELEASING = YES;
				CLANG_WARN_BOOL_CONVERSION = YES;
				CLANG_WARN_COMMA = YES;
				CLANG_WARN_CONSTANT_CONVERSION = YES;
				CLANG_WARN_DEPRECATED_OBJC_IMPLEMENTATIONS = YES;
				CLANG_WARN_DIRECT_OBJC_ISA_USAGE = YES_ERROR;
				CLANG_WARN_DOCUMENTATION_COMMENTS = YES;
				CLANG_WARN_EMPTY_BODY = YES;
				CLANG_WARN_ENUM_CONVERSION = YES;
				CLANG_WARN_INFINITE_RECURSION = YES;
				CLANG_WARN_INT_CONVERSION = YES;
				CLANG_WARN_NON_LITERAL_NULL_CONVERSION = YES;
				CLANG_WARN_OBJC_IMPLICIT_RETAIN_SELF = YES;
				CLANG_WARN_OBJC_LITERAL_CONVERSION = YES;
				CLANG_WARN_OBJC_ROOT_CLASS = YES_ERROR;
				CLANG_WARN_QUOTED_INCLUDE_IN_FRAMEWORK_HEADER = YES;
				CLANG_WARN_RANGE_LOOP_ANALYSIS = YES;
				CLANG_WARN_STRICT_PROTOTYPES = YES;
				CLANG_WARN_SUSPICIOUS_MOVE = YES;
				CLANG_WARN_UNGUARDED_AVAILABILITY = YES_AGGRESSIVE;
				CLANG_WARN_UNREACHABLE_CODE = YES;
				CLANG_WARN__DUPLICATE_METHOD_MATCH = YES;
				COPY_PHASE_STRIP = NO;
				DEBUG_INFORMATION_FORMAT = dwarf;
				ENABLE_STRICT_OBJC_MSGSEND = YES;
				ENABLE_TESTABILITY = YES;
				GCC_C_LANGUAGE_STANDARD = gnu11;
				GCC_DYNAMIC_NO_PIC = NO;
				GCC_NO_COMMON_BLOCKS = YES;
				GCC_OPTIMIZATION_LEVEL = 0;
				GCC_PREPROCESSOR_DEFINITIONS = (
					"DEBUG=1",
					"$(inherited)",
				);
				GCC_WARN_64_TO_32_BIT_CONVERSION = YES;
				GCC_WARN_ABOUT_RETURN_TYPE = YES_ERROR;
				GCC_WARN_UNDECLARED_SELECTOR = YES;
				GCC_WARN_UNINITIALIZED_AUTOS = YES_AGGRESSIVE;
				GCC_WARN_UNUSED_FUNCTION = YES;
				GCC_WARN_UNUSED_VARIABLE = YES;
				IPHONEOS_DEPLOYMENT_TARGET = 16.1;
				MTL_ENABLE_DEBUG_INFO = INCLUDE_SOURCE;
				MTL_FAST_MATH = YES;
				ONLY_ACTIVE_ARCH = YES;
				SDKROOT = iphoneos;
				SWIFT_ACTIVE_COMPILATION_CONDITIONS = DEBUG;
				SWIFT_OPTIMIZATION_LEVEL = "-Onone";
			};
			name = Debug;
		};
		C44EB306291AC2390032ED96 /* Release */ = {
			isa = XCBuildConfiguration;
			buildSettings = {
				ALWAYS_SEARCH_USER_PATHS = NO;
				CLANG_ANALYZER_NONNULL = YES;
				CLANG_ANALYZER_NUMBER_OBJECT_CONVERSION = YES_AGGRESSIVE;
				CLANG_CXX_LANGUAGE_STANDARD = "gnu++20";
				CLANG_ENABLE_MODULES = YES;
				CLANG_ENABLE_OBJC_ARC = YES;
				CLANG_ENABLE_OBJC_WEAK = YES;
				CLANG_WARN_BLOCK_CAPTURE_AUTORELEASING = YES;
				CLANG_WARN_BOOL_CONVERSION = YES;
				CLANG_WARN_COMMA = YES;
				CLANG_WARN_CONSTANT_CONVERSION = YES;
				CLANG_WARN_DEPRECATED_OBJC_IMPLEMENTATIONS = YES;
				CLANG_WARN_DIRECT_OBJC_ISA_USAGE = YES_ERROR;
				CLANG_WARN_DOCUMENTATION_COMMENTS = YES;
				CLANG_WARN_EMPTY_BODY = YES;
				CLANG_WARN_ENUM_CONVERSION = YES;
				CLANG_WARN_INFINITE_RECURSION = YES;
				CLANG_WARN_INT_CONVERSION = YES;
				CLANG_WARN_NON_LITERAL_NULL_CONVERSION = YES;
				CLANG_WARN_OBJC_IMPLICIT_RETAIN_SELF = YES;
				CLANG_WARN_OBJC_LITERAL_CONVERSION = YES;
				CLANG_WARN_OBJC_ROOT_CLASS = YES_ERROR;
				CLANG_WARN_QUOTED_INCLUDE_IN_FRAMEWORK_HEADER = YES;
				CLANG_WARN_RANGE_LOOP_ANALYSIS = YES;
				CLANG_WARN_STRICT_PROTOTYPES = YES;
				CLANG_WARN_SUSPICIOUS_MOVE = YES;
				CLANG_WARN_UNGUARDED_AVAILABILITY = YES_AGGRESSIVE;
				CLANG_WARN_UNREACHABLE_CODE = YES;
				CLANG_WARN__DUPLICATE_METHOD_MATCH = YES;
				COPY_PHASE_STRIP = NO;
				DEBUG_INFORMATION_FORMAT = "dwarf-with-dsym";
				ENABLE_NS_ASSERTIONS = NO;
				ENABLE_STRICT_OBJC_MSGSEND = YES;
				GCC_C_LANGUAGE_STANDARD = gnu11;
				GCC_NO_COMMON_BLOCKS = YES;
				GCC_WARN_64_TO_32_BIT_CONVERSION = YES;
				GCC_WARN_ABOUT_RETURN_TYPE = YES_ERROR;
				GCC_WARN_UNDECLARED_SELECTOR = YES;
				GCC_WARN_UNINITIALIZED_AUTOS = YES_AGGRESSIVE;
				GCC_WARN_UNUSED_FUNCTION = YES;
				GCC_WARN_UNUSED_VARIABLE = YES;
				IPHONEOS_DEPLOYMENT_TARGET = 16.1;
				MTL_ENABLE_DEBUG_INFO = NO;
				MTL_FAST_MATH = YES;
				SDKROOT = iphoneos;
				SWIFT_COMPILATION_MODE = wholemodule;
				SWIFT_OPTIMIZATION_LEVEL = "-O";
				VALIDATE_PRODUCT = YES;
			};
			name = Release;
		};
		C44EB308291AC2390032ED96 /* Debug */ = {
			isa = XCBuildConfiguration;
			buildSettings = {
				ASSETCATALOG_COMPILER_APPICON_NAME = AppIcon;
				ASSETCATALOG_COMPILER_GLOBAL_ACCENT_COLOR_NAME = AccentColor;
				CODE_SIGN_STYLE = Automatic;
				CURRENT_PROJECT_VERSION = 1;
				GENERATE_INFOPLIST_FILE = YES;
				INFOPLIST_FILE = QuizImage/Info.plist;
				INFOPLIST_KEY_UIApplicationSupportsIndirectInputEvents = YES;
				INFOPLIST_KEY_UILaunchStoryboardName = LaunchScreen;
				INFOPLIST_KEY_UIMainStoryboardFile = Main;
				INFOPLIST_KEY_UISupportedInterfaceOrientations_iPad = "UIInterfaceOrientationPortrait UIInterfaceOrientationPortraitUpsideDown UIInterfaceOrientationLandscapeLeft UIInterfaceOrientationLandscapeRight";
				INFOPLIST_KEY_UISupportedInterfaceOrientations_iPhone = "UIInterfaceOrientationPortrait UIInterfaceOrientationLandscapeLeft UIInterfaceOrientationLandscapeRight";
				LD_RUNPATH_SEARCH_PATHS = (
					"$(inherited)",
					"@executable_path/Frameworks",
				);
				MARKETING_VERSION = 1.0;
				PRODUCT_BUNDLE_IDENTIFIER = com.Gabriel.QuizImage;
				PRODUCT_NAME = "$(TARGET_NAME)";
				SWIFT_EMIT_LOC_STRINGS = YES;
				SWIFT_VERSION = 5.0;
				TARGETED_DEVICE_FAMILY = "1,2";
			};
			name = Debug;
		};
		C44EB309291AC2390032ED96 /* Release */ = {
			isa = XCBuildConfiguration;
			buildSettings = {
				ASSETCATALOG_COMPILER_APPICON_NAME = AppIcon;
				ASSETCATALOG_COMPILER_GLOBAL_ACCENT_COLOR_NAME = AccentColor;
				CODE_SIGN_STYLE = Automatic;
				CURRENT_PROJECT_VERSION = 1;
				GENERATE_INFOPLIST_FILE = YES;
				INFOPLIST_FILE = QuizImage/Info.plist;
				INFOPLIST_KEY_UIApplicationSupportsIndirectInputEvents = YES;
				INFOPLIST_KEY_UILaunchStoryboardName = LaunchScreen;
				INFOPLIST_KEY_UIMainStoryboardFile = Main;
				INFOPLIST_KEY_UISupportedInterfaceOrientations_iPad = "UIInterfaceOrientationPortrait UIInterfaceOrientationPortraitUpsideDown UIInterfaceOrientationLandscapeLeft UIInterfaceOrientationLandscapeRight";
				INFOPLIST_KEY_UISupportedInterfaceOrientations_iPhone = "UIInterfaceOrientationPortrait UIInterfaceOrientationLandscapeLeft UIInterfaceOrientationLandscapeRight";
				LD_RUNPATH_SEARCH_PATHS = (
					"$(inherited)",
					"@executable_path/Frameworks",
				);
				MARKETING_VERSION = 1.0;
				PRODUCT_BUNDLE_IDENTIFIER = com.Gabriel.QuizImage;
				PRODUCT_NAME = "$(TARGET_NAME)";
				SWIFT_EMIT_LOC_STRINGS = YES;
				SWIFT_VERSION = 5.0;
				TARGETED_DEVICE_FAMILY = "1,2";
			};
			name = Release;
		};
/* End XCBuildConfiguration section */

/* Begin XCConfigurationList section */
		C44EB2EE291AC2380032ED96 /* Build configuration list for PBXProject "QuizImage" */ = {
			isa = XCConfigurationList;
			buildConfigurations = (
				C44EB305291AC2390032ED96 /* Debug */,
				C44EB306291AC2390032ED96 /* Release */,
			);
			defaultConfigurationIsVisible = 0;
			defaultConfigurationName = Release;
		};
		C44EB307291AC2390032ED96 /* Build configuration list for PBXNativeTarget "QuizImage" */ = {
			isa = XCConfigurationList;
			buildConfigurations = (
				C44EB308291AC2390032ED96 /* Debug */,
				C44EB309291AC2390032ED96 /* Release */,
			);
			defaultConfigurationIsVisible = 0;
			defaultConfigurationName = Release;
		};
/* End XCConfigurationList section */
	};
	rootObject = C44EB2EB291AC2380032ED96 /* Project object */;
}
